
Microsoft Visual Studio Solution File, Format Version 12.00
# Visual Studio Version 17
VisualStudioVersion = 17.11.35303.130
MinimumVisualStudioVersion = 10.0.40219.1
Project("{FAE04EC0-301F-11D3-BF4B-00C04F79EFBC}") = "FormChenchen", "FormChenchen.csproj", "{C0E4D96E-3478-4614-85C0-3376AD26A939}"
EndProject
Global
	GlobalSection(SolutionConfigurationPlatforms) = preSolution
		Debug|Any CPU = Debug|Any CPU
		Release|Any CPU = Release|Any CPU
	EndGlobalSection
	GlobalSection(ProjectConfigurationPlatforms) = postSolution
		{C0E4D96E-3478-4614-85C0-3376AD26A939}.Debug|Any CPU.ActiveCfg = Debug|Any CPU
		{C0E4D96E-3478-4614-85C0-3376AD26A939}.Debug|Any CPU.Build.0 = Debug|Any CPU
		{C0E4D96E-3478-4614-85C0-3376AD26A939}.Release|Any CPU.ActiveCfg = Release|Any CPU
		{C0E4D96E-3478-4614-85C0-3376AD26A939}.Release|Any CPU.Build.0 = Release|Any CPU
	EndGlobalSection
	GlobalSection(SolutionProperties) = preSolution
		HideSolutionNode = FALSE
	EndGlobalSection
	GlobalSection(ExtensibilityGlobals) = postSolution
		SolutionGuid = {C1640105-74C9-4E12-8A72-6EFA1CCA6AA8}
	EndGlobalSection
EndGlobal
